// !$*UTF8*$!
{
	archiveVersion = 1;
	classes = {
	};
	objectVersion = 46;
	objects = {

/* Begin PBXBuildFile section */
		169D13C11CDA072E0046F5BD /* main.m in Sources */ = {isa = PBXBuildFile; fileRef = 169D13C01CDA072E0046F5BD /* main.m */; };
		169D13C41CDA072E0046F5BD /* AppDelegate.m in Sources */ = {isa = PBXBuildFile; fileRef = 169D13C31CDA072E0046F5BD /* AppDelegate.m */; };
		169D13C71CDA072E0046F5BD /* ViewController.m in Sources */ = {isa = PBXBuildFile; fileRef = 169D13C61CDA072E0046F5BD /* ViewController.m */; };
		169D13CA1CDA072E0046F5BD /* Main.storyboard in Resources */ = {isa = PBXBuildFile; fileRef = 169D13C81CDA072E0046F5BD /* Main.storyboard */; };
		169D13CC1CDA072E0046F5BD /* Assets.xcassets in Resources */ = {isa = PBXBuildFile; fileRef = 169D13CB1CDA072E0046F5BD /* Assets.xcassets */; };
		169D13CF1CDA072E0046F5BD /* LaunchScreen.storyboard in Resources */ = {isa = PBXBuildFile; fileRef = 169D13CD1CDA072E0046F5BD /* LaunchScreen.storyboard */; };
		169D14001CDB248C0046F5BD /* MUInfiniteScrollingView.m in Sources */ = {isa = PBXBuildFile; fileRef = 169D13F81CDB248C0046F5BD /* MUInfiniteScrollingView.m */; };
		169D14011CDB248C0046F5BD /* MUPullToRefresh.bundle in Resources */ = {isa = PBXBuildFile; fileRef = 169D13F91CDB248C0046F5BD /* MUPullToRefresh.bundle */; };
		169D14021CDB248C0046F5BD /* MUPullToRefreshView.m in Sources */ = {isa = PBXBuildFile; fileRef = 169D13FB1CDB248C0046F5BD /* MUPullToRefreshView.m */; };
		169D14031CDB248C0046F5BD /* NSBundle+MURefresh.m in Sources */ = {isa = PBXBuildFile; fileRef = 169D13FD1CDB248C0046F5BD /* NSBundle+MURefresh.m */; };
		169D14041CDB248C0046F5BD /* UIScrollView+MURefresh.m in Sources */ = {isa = PBXBuildFile; fileRef = 169D13FF1CDB248C0046F5BD /* UIScrollView+MURefresh.m */; };
/* End PBXBuildFile section */

/* Begin PBXFileReference section */
		169D13BC1CDA072E0046F5BD /* MUPullToRefreshDemo.app */ = {isa = PBXFileReference; explicitFileType = wrapper.application; includeInIndex = 0; path = MUPullToRefreshDemo.app; sourceTree = BUILT_PRODUCTS_DIR; };
		169D13C01CDA072E0046F5BD /* main.m */ = {isa = PBXFileReference; lastKnownFileType = sourcecode.c.objc; path = main.m; sourceTree = "<group>"; };
		169D13C21CDA072E0046F5BD /* AppDelegate.h */ = {isa = PBXFileReference; lastKnownFileType = sourcecode.c.h; path = AppDelegate.h; sourceTree = "<group>"; };
		169D13C31CDA072E0046F5BD /* AppDelegate.m */ = {isa = PBXFileReference; lastKnownFileType = sourcecode.c.objc; path = AppDelegate.m; sourceTree = "<group>"; };
		169D13C51CDA072E0046F5BD /* ViewController.h */ = {isa = PBXFileReference; lastKnownFileType = sourcecode.c.h; path = ViewController.h; sourceTree = "<group>"; };
		169D13C61CDA072E0046F5BD /* ViewController.m */ = {isa = PBXFileReference; lastKnownFileType = sourcecode.c.objc; path = ViewController.m; sourceTree = "<group>"; };
		169D13C91CDA072E0046F5BD /* Base */ = {isa = PBXFileReference; lastKnownFileType = file.storyboard; name = Base; path = Base.lproj/Main.storyboard; sourceTree = "<group>"; };
		169D13CB1CDA072E0046F5BD /* Assets.xcassets */ = {isa = PBXFileReference; lastKnownFileType = folder.assetcatalog; path = Assets.xcassets; sourceTree = "<group>"; };
		169D13CE1CDA072E0046F5BD /* Base */ = {isa = PBXFileReference; lastKnownFileType = file.storyboard; name = Base; path = Base.lproj/LaunchScreen.storyboard; sourceTree = "<group>"; };
		169D13D01CDA072E0046F5BD /* Info.plist */ = {isa = PBXFileReference; lastKnownFileType = text.plist.xml; path = Info.plist; sourceTree = "<group>"; };
		169D13F71CDB248C0046F5BD /* MUInfiniteScrollingView.h */ = {isa = PBXFileReference; fileEncoding = 4; lastKnownFileType = sourcecode.c.h; path = MUInfiniteScrollingView.h; sourceTree = "<group>"; };
		169D13F81CDB248C0046F5BD /* MUInfiniteScrollingView.m */ = {isa = PBXFileReference; fileEncoding = 4; lastKnownFileType = sourcecode.c.objc; path = MUInfiniteScrollingView.m; sourceTree = "<group>"; };
		169D13F91CDB248C0046F5BD /* MUPullToRefresh.bundle */ = {isa = PBXFileReference; lastKnownFileType = "wrapper.plug-in"; path = MUPullToRefresh.bundle; sourceTree = "<group>"; };
		169D13FA1CDB248C0046F5BD /* MUPullToRefreshView.h */ = {isa = PBXFileReference; fileEncoding = 4; lastKnownFileType = sourcecode.c.h; path = MUPullToRefreshView.h; sourceTree = "<group>"; };
		169D13FB1CDB248C0046F5BD /* MUPullToRefreshView.m */ = {isa = PBXFileReference; fileEncoding = 4; lastKnownFileType = sourcecode.c.objc; path = MUPullToRefreshView.m; sourceTree = "<group>"; };
		169D13FC1CDB248C0046F5BD /* NSBundle+MURefresh.h */ = {isa = PBXFileReference; fileEncoding = 4; lastKnownFileType = sourcecode.c.h; path = "NSBundle+MURefresh.h"; sourceTree = "<group>"; };
		169D13FD1CDB248C0046F5BD /* NSBundle+MURefresh.m */ = {isa = PBXFileReference; fileEncoding = 4; lastKnownFileType = sourcecode.c.objc; path = "NSBundle+MURefresh.m"; sourceTree = "<group>"; };
		169D13FE1CDB248C0046F5BD /* UIScrollView+MURefresh.h */ = {isa = PBXFileReference; fileEncoding = 4; lastKnownFileType = sourcecode.c.h; path = "UIScrollView+MURefresh.h"; sourceTree = "<group>"; };
		169D13FF1CDB248C0046F5BD /* UIScrollView+MURefresh.m */ = {isa = PBXFileReference; fileEncoding = 4; lastKnownFileType = sourcecode.c.objc; path = "UIScrollView+MURefresh.m"; sourceTree = "<group>"; };
/* End PBXFileReference section */

/* Begin PBXFrameworksBuildPhase section */
		169D13B91CDA072E0046F5BD /* Frameworks */ = {
			isa = PBXFrameworksBuildPhase;
			buildActionMask = 2147483647;
			files = (
			);
			runOnlyForDeploymentPostprocessing = 0;
		};
/* End PBXFrameworksBuildPhase section */

/* Begin PBXGroup section */
		169D13B31CDA072E0046F5BD = {
			isa = PBXGroup;
			children = (
				169D13F61CDB248C0046F5BD /* MUPullToRefresh */,
				169D13BE1CDA072E0046F5BD /* MUPullToRefreshDemo */,
				169D13BD1CDA072E0046F5BD /* Products */,
			);
			sourceTree = "<group>";
		};
		169D13BD1CDA072E0046F5BD /* Products */ = {
			isa = PBXGroup;
			children = (
				169D13BC1CDA072E0046F5BD /* MUPullToRefreshDemo.app */,
			);
			name = Products;
			sourceTree = "<group>";
		};
		169D13BE1CDA072E0046F5BD /* MUPullToRefreshDemo */ = {
			isa = PBXGroup;
			children = (
				169D13C21CDA072E0046F5BD /* AppDelegate.h */,
				169D13C31CDA072E0046F5BD /* AppDelegate.m */,
				169D13C51CDA072E0046F5BD /* ViewController.h */,
				169D13C61CDA072E0046F5BD /* ViewController.m */,
				169D13C81CDA072E0046F5BD /* Main.storyboard */,
				169D13CB1CDA072E0046F5BD /* Assets.xcassets */,
				169D13CD1CDA072E0046F5BD /* LaunchScreen.storyboard */,
				169D13D01CDA072E0046F5BD /* Info.plist */,
				169D13BF1CDA072E0046F5BD /* Supporting Files */,
			);
			path = MUPullToRefreshDemo;
			sourceTree = "<group>";
		};
		169D13BF1CDA072E0046F5BD /* Supporting Files */ = {
			isa = PBXGroup;
			children = (
				169D13C01CDA072E0046F5BD /* main.m */,
			);
			name = "Supporting Files";
			sourceTree = "<group>";
		};
		169D13F61CDB248C0046F5BD /* MUPullToRefresh */ = {
			isa = PBXGroup;
			children = (
				169D13F71CDB248C0046F5BD /* MUInfiniteScrollingView.h */,
				169D13F81CDB248C0046F5BD /* MUInfiniteScrollingView.m */,
				169D13F91CDB248C0046F5BD /* MUPullToRefresh.bundle */,
				169D13FA1CDB248C0046F5BD /* MUPullToRefreshView.h */,
				169D13FB1CDB248C0046F5BD /* MUPullToRefreshView.m */,
				169D13FC1CDB248C0046F5BD /* NSBundle+MURefresh.h */,
				169D13FD1CDB248C0046F5BD /* NSBundle+MURefresh.m */,
				169D13FE1CDB248C0046F5BD /* UIScrollView+MURefresh.h */,
				169D13FF1CDB248C0046F5BD /* UIScrollView+MURefresh.m */,
			);
			path = MUPullToRefresh;
			sourceTree = "<group>";
		};
/* End PBXGroup section */

/* Begin PBXNativeTarget section */
		169D13BB1CDA072E0046F5BD /* MUPullToRefreshDemo */ = {
			isa = PBXNativeTarget;
			buildConfigurationList = 169D13D31CDA072E0046F5BD /* Build configuration list for PBXNativeTarget "MUPullToRefreshDemo" */;
			buildPhases = (
				169D13B81CDA072E0046F5BD /* Sources */,
				169D13B91CDA072E0046F5BD /* Frameworks */,
				169D13BA1CDA072E0046F5BD /* Resources */,
			);
			buildRules = (
			);
			dependencies = (
			);
			name = MUPullToRefreshDemo;
			productName = MUPullToRefreshDemo;
			productReference = 169D13BC1CDA072E0046F5BD /* MUPullToRefreshDemo.app */;
			productType = "com.apple.product-type.application";
		};
/* End PBXNativeTarget section */

/* Begin PBXProject section */
		169D13B41CDA072E0046F5BD /* Project object */ = {
			isa = PBXProject;
			attributes = {
				LastUpgradeCheck = 0730;
				ORGANIZATIONNAME = Muer;
				TargetAttributes = {
					169D13BB1CDA072E0046F5BD = {
						CreatedOnToolsVersion = 7.3.1;
					};
				};
			};
			buildConfigurationList = 169D13B71CDA072E0046F5BD /* Build configuration list for PBXProject "MUPullToRefreshDemo" */;
			compatibilityVersion = "Xcode 3.2";
			developmentRegion = English;
			hasScannedForEncodings = 0;
			knownRegions = (
				en,
				Base,
			);
			mainGroup = 169D13B31CDA072E0046F5BD;
			productRefGroup = 169D13BD1CDA072E0046F5BD /* Products */;
			projectDirPath = "";
			projectRoot = "";
			targets = (
				169D13BB1CDA072E0046F5BD /* MUPullToRefreshDemo */,
			);
		};
/* End PBXProject section */

/* Begin PBXResourcesBuildPhase section */
		169D13BA1CDA072E0046F5BD /* Resources */ = {
			isa = PBXResourcesBuildPhase;
			buildActionMask = 2147483647;
			files = (
				169D13CF1CDA072E0046F5BD /* LaunchScreen.storyboard in Resources */,
				169D13CC1CDA072E0046F5BD /* Assets.xcassets in Resources */,
				169D13CA1CDA072E0046F5BD /* Main.storyboard in Resources */,
				169D14011CDB248C0046F5BD /* MUPullToRefresh.bundle in Resources */,
			);
			runOnlyForDeploymentPostprocessing = 0;
		};
/* End PBXResourcesBuildPhase section */

/* Begin PBXSourcesBuildPhase section */
		169D13B81CDA072E0046F5BD /* Sources */ = {
			isa = PBXSourcesBuildPhase;
			buildActionMask = 2147483647;
			files = (
				169D14041CDB248C0046F5BD /* UIScrollView+MURefresh.m in Sources */,
				169D14031CDB248C0046F5BD /* NSBundle+MURefresh.m in Sources */,
				169D14001CDB248C0046F5BD /* MUInfiniteScrollingView.m in Sources */,
				169D13C71CDA072E0046F5BD /* ViewController.m in Sources */,
				169D13C41CDA072E0046F5BD /* AppDelegate.m in Sources */,
				169D14021CDB248C0046F5BD /* MUPullToRefreshView.m in Sources */,
				169D13C11CDA072E0046F5BD /* main.m in Sources */,
			);
			runOnlyForDeploymentPostprocessing = 0;
		};
/* End PBXSourcesBuildPhase section */

/* Begin PBXVariantGroup section */
		169D13C81CDA072E0046F5BD /* Main.storyboard */ = {
			isa = PBXVariantGroup;
			children = (
				169D13C91CDA072E0046F5BD /* Base */,
			);
			name = Main.storyboard;
			sourceTree = "<group>";
		};
		169D13CD1CDA072E0046F5BD /* LaunchScreen.storyboard */ = {
			isa = PBXVariantGroup;
			children = (
				169D13CE1CDA072E0046F5BD /* Base */,
			);
			name = LaunchScreen.storyboard;
			sourceTree = "<group>";
		};
/* End PBXVariantGroup section */

/* Begin XCBuildConfiguration section */
		169D13D11CDA072E0046F5BD /* Debug */ = {
			isa = XCBuildConfiguration;
			buildSettings = {
				ALWAYS_SEARCH_USER_PATHS = NO;
				CLANG_ANALYZER_NONNULL = YES;
				CLANG_CXX_LANGUAGE_STANDARD = "gnu++0x";
				CLANG_CXX_LIBRARY = "libc++";
				CLANG_ENABLE_MODULES = YES;
				CLANG_ENABLE_OBJC_ARC = YES;
				CLANG_WARN_BOOL_CONVERSION = YES;
				CLANG_WARN_CONSTANT_CONVERSION = YES;
				CLANG_WARN_DIRECT_OBJC_ISA_USAGE = YES_ERROR;
				CLANG_WARN_EMPTY_BODY = YES;
				CLANG_WARN_ENUM_CONVERSION = YES;
				CLANG_WARN_INT_CONVERSION = YES;
				CLANG_WARN_OBJC_ROOT_CLASS = YES_ERROR;
				CLANG_WARN_UNREACHABLE_CODE = YES;
				CLANG_WARN__DUPLICATE_METHOD_MATCH = YES;
				"CODE_SIGN_IDENTITY[sdk=iphoneos*]" = "iPhone Developer";
				COPY_PHASE_STRIP = NO;
				DEBUG_INFORMATION_FORMAT = dwarf;
				ENABLE_STRICT_OBJC_MSGSEND = YES;
				ENABLE_TESTABILITY = YES;
				GCC_C_LANGUAGE_STANDARD = gnu99;
				GCC_DYNAMIC_NO_PIC = NO;
				GCC_NO_COMMON_BLOCKS = YES;
				GCC_OPTIMIZATION_LEVEL = 0;
				GCC_PREPROCESSOR_DEFINITIONS = (
					"DEBUG=1",
					"$(inherited)",
				);
				GCC_WARN_64_TO_32_BIT_CONVERSION = YES;
				GCC_WARN_ABOUT_RETURN_TYPE = YES_ERROR;
				GCC_WARN_UNDECLARED_SELECTOR = YES;
				GCC_WARN_UNINITIALIZED_AUTOS = YES_AGGRESSIVE;
				GCC_WARN_UNUSED_FUNCTION = YES;
				GCC_WARN_UNUSED_VARIABLE = YES;
				IPHONEOS_DEPLOYMENT_TARGET = 6.0;
				MTL_ENABLE_DEBUG_INFO = YES;
				ONLY_ACTIVE_ARCH = YES;
				SDKROOT = iphoneos;
				TARGETED_DEVICE_FAMILY = "1,2";
			};
			name = Debug;
		};
		169D13D21CDA072E0046F5BD /* Release */ = {
			isa = XCBuildConfiguration;
			buildSettings = {
				ALWAYS_SEARCH_USER_PATHS = NO;
				CLANG_ANALYZER_NONNULL = YES;
				CLANG_CXX_LANGUAGE_STANDARD = "gnu++0x";
				CLANG_CXX_LIBRARY = "libc++";
				CLANG_ENABLE_MODULES = YES;
				CLANG_ENABLE_OBJC_ARC = YES;
				CLANG_WARN_BOOL_CONVERSION = YES;
				CLANG_WARN_CONSTANT_CONVERSION = YES;
				CLANG_WARN_DIRECT_OBJC_ISA_USAGE = YES_ERROR;
				CLANG_WARN_EMPTY_BODY = YES;
				CLANG_WARN_ENUM_CONVERSION = YES;
				CLANG_WARN_INT_CONVERSION = YES;
				CLANG_WARN_OBJC_ROOT_CLASS = YES_ERROR;
				CLANG_WARN_UNREACHABLE_CODE = YES;
				CLANG_WARN__DUPLICATE_METHOD_MATCH = YES;
				"CODE_SIGN_IDENTITY[sdk=iphoneos*]" = "iPhone Developer";
				COPY_PHASE_STRIP = NO;
				DEBUG_INFORMATION_FORMAT = "dwarf-with-dsym";
				ENABLE_NS_ASSERTIONS = NO;
				ENABLE_STRICT_OBJC_MSGSEND = YES;
				GCC_C_LANGUAGE_STANDARD = gnu99;
				GCC_NO_COMMON_BLOCKS = YES;
				GCC_WARN_64_TO_32_BIT_CONVERSION = YES;
				GCC_WARN_ABOUT_RETURN_TYPE = YES_ERROR;
				GCC_WARN_UNDECLARED_SELECTOR = YES;
				GCC_WARN_UNINITIALIZED_AUTOS = YES_AGGRESSIVE;
				GCC_WARN_UNUSED_FUNCTION = YES;
				GCC_WARN_UNUSED_VARIABLE = YES;
				IPHONEOS_DEPLOYMENT_TARGET = 6.0;
				MTL_ENABLE_DEBUG_INFO = NO;
				SDKROOT = iphoneos;
				TARGETED_DEVICE_FAMILY = "1,2";
				VALIDATE_PRODUCT = YES;
			};
			name = Release;
		};
		169D13D41CDA072E0046F5BD /* Debug */ = {
			isa = XCBuildConfiguration;
			buildSettings = {
				ASSETCATALOG_COMPILER_APPICON_NAME = AppIcon;
				INFOPLIST_FILE = MUPullToRefreshDemo/Info.plist;
				IPHONEOS_DEPLOYMENT_TARGET = 6.0;
				LD_RUNPATH_SEARCH_PATHS = "$(inherited) @executable_path/Frameworks";
				PRODUCT_BUNDLE_IDENTIFIER = com.muer2000.MUPullToRefreshDemo;
				PRODUCT_NAME = "$(TARGET_NAME)";
			};
			name = Debug;
		};
		169D13D51CDA072E0046F5BD /* Release */ = {
			isa = XCBuildConfiguration;
			buildSettings = {
				ASSETCATALOG_COMPILER_APPICON_NAME = AppIcon;
				INFOPLIST_FILE = MUPullToRefreshDemo/Info.plist;
				IPHONEOS_DEPLOYMENT_TARGET = 6.0;
				LD_RUNPATH_SEARCH_PATHS = "$(inherited) @executable_path/Frameworks";
				PRODUCT_BUNDLE_IDENTIFIER = com.muer2000.MUPullToRefreshDemo;
				PRODUCT_NAME = "$(TARGET_NAME)";
			};
			name = Release;
		};
/* End XCBuildConfiguration section */

/* Begin XCConfigurationList section */
		169D13B71CDA072E0046F5BD /* Build configuration list for PBXProject "MUPullToRefreshDemo" */ = {
			isa = XCConfigurationList;
			buildConfigurations = (
				169D13D11CDA072E0046F5BD /* Debug */,
				169D13D21CDA072E0046F5BD /* Release */,
			);
			defaultConfigurationIsVisible = 0;
			defaultConfigurationName = Release;
		};
		169D13D31CDA072E0046F5BD /* Build configuration list for PBXNativeTarget "MUPullToRefreshDemo" */ = {
			isa = XCConfigurationList;
			buildConfigurations = (
				169D13D41CDA072E0046F5BD /* Debug */,
				169D13D51CDA072E0046F5BD /* Release */,
			);
			defaultConfigurationIsVisible = 0;
			defaultConfigurationName = Release;
		};
/* End XCConfigurationList section */
	};
	rootObject = 169D13B41CDA072E0046F5BD /* Project object */;
}
